
Microsoft Visual Studio Solution File, Format Version 12.00
# Visual Studio 15
Project("{FAE04EC0-301F-11D3-BF4B-00C04F79EFBC}") = "Readbooks.Android", "Readbooks.Android\Readbooks.Android.csproj", "{2E9E6E44-9393-4BE6-A2B2-C530CF25CE8D}"
EndProject
Project("{FAE04EC0-301F-11D3-BF4B-00C04F79EFBC}") = "Readbooks.iOS", "Readbooks.iOS\Readbooks.iOS.csproj", "{E5748052-C1F3-4BE3-95DC-043BEC5238A2}"
EndProject
Project("{FAE04EC0-301F-11D3-BF4B-00C04F79EFBC}") = "Readbooks", "Readbooks\Readbooks.csproj", "{7FA4C5D5-7664-487A-B460-BCBAFD0630B8}"
EndProject
Global
	GlobalSection(SolutionConfigurationPlatforms) = preSolution
		Debug|Any CPU = Debug|Any CPU
		Release|Any CPU = Release|Any CPU
		Debug|iPhoneSimulator = Debug|iPhoneSimulator
		Release|iPhoneSimulator = Release|iPhoneSimulator
		Debug|iPhone = Debug|iPhone
		Release|iPhone = Release|iPhone
	EndGlobalSection
	GlobalSection(ProjectConfigurationPlatforms) = postSolution
		{2E9E6E44-9393-4BE6-A2B2-C530CF25CE8D}.Debug|Any CPU.ActiveCfg = Debug|Any CPU
		{2E9E6E44-9393-4BE6-A2B2-C530CF25CE8D}.Debug|Any CPU.Build.0 = Debug|Any CPU
		{2E9E6E44-9393-4BE6-A2B2-C530CF25CE8D}.Release|Any CPU.ActiveCfg = Release|Any CPU
		{2E9E6E44-9393-4BE6-A2B2-C530CF25CE8D}.Release|Any CPU.Build.0 = Release|Any CPU
		{2E9E6E44-9393-4BE6-A2B2-C530CF25CE8D}.Debug|iPhoneSimulator.ActiveCfg = Debug|Any CPU
		{2E9E6E44-9393-4BE6-A2B2-C530CF25CE8D}.Debug|iPhoneSimulator.Build.0 = Debug|Any CPU
		{2E9E6E44-9393-4BE6-A2B2-C530CF25CE8D}.Release|iPhoneSimulator.ActiveCfg = Release|Any CPU
		{2E9E6E44-9393-4BE6-A2B2-C530CF25CE8D}.Release|iPhoneSimulator.Build.0 = Release|Any CPU
		{2E9E6E44-9393-4BE6-A2B2-C530CF25CE8D}.Debug|iPhone.ActiveCfg = Debug|Any CPU
		{2E9E6E44-9393-4BE6-A2B2-C530CF25CE8D}.Debug|iPhone.Build.0 = Debug|Any CPU
		{2E9E6E44-9393-4BE6-A2B2-C530CF25CE8D}.Release|iPhone.ActiveCfg = Release|Any CPU
		{2E9E6E44-9393-4BE6-A2B2-C530CF25CE8D}.Release|iPhone.Build.0 = Release|Any CPU
		{E5748052-C1F3-4BE3-95DC-043BEC5238A2}.Debug|Any CPU.ActiveCfg = Debug|iPhoneSimulator
		{E5748052-C1F3-4BE3-95DC-043BEC5238A2}.Debug|Any CPU.Build.0 = Debug|iPhoneSimulator
		{E5748052-C1F3-4BE3-95DC-043BEC5238A2}.Release|Any CPU.ActiveCfg = Release|iPhoneSimulator
		{E5748052-C1F3-4BE3-95DC-043BEC5238A2}.Release|Any CPU.Build.0 = Release|iPhoneSimulator
		{E5748052-C1F3-4BE3-95DC-043BEC5238A2}.Debug|iPhoneSimulator.ActiveCfg = Debug|iPhoneSimulator
		{E5748052-C1F3-4BE3-95DC-043BEC5238A2}.Debug|iPhoneSimulator.Build.0 = Debug|iPhoneSimulator
		{E5748052-C1F3-4BE3-95DC-043BEC5238A2}.Release|iPhoneSimulator.ActiveCfg = Release|iPhoneSimulator
		{E5748052-C1F3-4BE3-95DC-043BEC5238A2}.Release|iPhoneSimulator.Build.0 = Release|iPhoneSimulator
		{E5748052-C1F3-4BE3-95DC-043BEC5238A2}.Debug|iPhone.ActiveCfg = Debug|iPhone
		{E5748052-C1F3-4BE3-95DC-043BEC5238A2}.Debug|iPhone.Build.0 = Debug|iPhone
		{E5748052-C1F3-4BE3-95DC-043BEC5238A2}.Release|iPhone.ActiveCfg = Release|iPhone
		{E5748052-C1F3-4BE3-95DC-043BEC5238A2}.Release|iPhone.Build.0 = Release|iPhone
		{7FA4C5D5-7664-487A-B460-BCBAFD0630B8}.Debug|Any CPU.ActiveCfg = Debug|Any CPU
		{7FA4C5D5-7664-487A-B460-BCBAFD0630B8}.Debug|Any CPU.Build.0 = Debug|Any CPU
		{7FA4C5D5-7664-487A-B460-BCBAFD0630B8}.Release|Any CPU.ActiveCfg = Release|Any CPU
		{7FA4C5D5-7664-487A-B460-BCBAFD0630B8}.Release|Any CPU.Build.0 = Release|Any CPU
		{7FA4C5D5-7664-487A-B460-BCBAFD0630B8}.Debug|iPhoneSimulator.ActiveCfg = Debug|Any CPU
		{7FA4C5D5-7664-487A-B460-BCBAFD0630B8}.Debug|iPhoneSimulator.Build.0 = Debug|Any CPU
		{7FA4C5D5-7664-487A-B460-BCBAFD0630B8}.Release|iPhoneSimulator.ActiveCfg = Release|Any CPU
		{7FA4C5D5-7664-487A-B460-BCBAFD0630B8}.Release|iPhoneSimulator.Build.0 = Release|Any CPU
		{7FA4C5D5-7664-487A-B460-BCBAFD0630B8}.Debug|iPhone.ActiveCfg = Debug|Any CPU
		{7FA4C5D5-7664-487A-B460-BCBAFD0630B8}.Debug|iPhone.Build.0 = Debug|Any CPU
		{7FA4C5D5-7664-487A-B460-BCBAFD0630B8}.Release|iPhone.ActiveCfg = Release|Any CPU
		{7FA4C5D5-7664-487A-B460-BCBAFD0630B8}.Release|iPhone.Build.0 = Release|Any CPU
	EndGlobalSection
EndGlobal
